
Microsoft Visual Studio Solution File, Format Version 12.00
# Visual Studio Version 17
VisualStudioVersion = 17.11.35219.272
MinimumVisualStudioVersion = 10.0.40219.1
Project("{FAE04EC0-301F-11D3-BF4B-00C04F79EFBC}") = "testGit", "testGit\testGit.csproj", "{4CFC2C29-216E-44E0-B4B3-DFF1C2BBE06C}"
EndProject
Global
	GlobalSection(SolutionConfigurationPlatforms) = preSolution
		Debug|Any CPU = Debug|Any CPU
		Release|Any CPU = Release|Any CPU
	EndGlobalSection
	GlobalSection(ProjectConfigurationPlatforms) = postSolution
		{4CFC2C29-216E-44E0-B4B3-DFF1C2BBE06C}.Debug|Any CPU.ActiveCfg = Debug|Any CPU
		{4CFC2C29-216E-44E0-B4B3-DFF1C2BBE06C}.Debug|Any CPU.Build.0 = Debug|Any CPU
		{4CFC2C29-216E-44E0-B4B3-DFF1C2BBE06C}.Release|Any CPU.ActiveCfg = Release|Any CPU
		{4CFC2C29-216E-44E0-B4B3-DFF1C2BBE06C}.Release|Any CPU.Build.0 = Release|Any CPU
	EndGlobalSection
	GlobalSection(SolutionProperties) = preSolution
		HideSolutionNode = FALSE
	EndGlobalSection
	GlobalSection(ExtensibilityGlobals) = postSolution
		SolutionGuid = {0332045F-5D6A-48B6-8AC7-8CD169AC87CF}
	EndGlobalSection
EndGlobal
